
Microsoft Visual Studio Solution File, Format Version 12.00
# Visual Studio 15
VisualStudioVersion = 15.0.27004.2009
MinimumVisualStudioVersion = 10.0.40219.1
Project("{FAE04EC0-301F-11D3-BF4B-00C04F79EFBC}") = "QaGeneral_Apk_Kurma", "QaGeneral_Apk_Kurma\QaGeneral_Apk_Kurma.csproj", "{63E30ED8-A737-4205-8B73-A2CE3B9310DA}"
EndProject
Global
	GlobalSection(SolutionConfigurationPlatforms) = preSolution
		Debug|Any CPU = Debug|Any CPU
		Release|Any CPU = Release|Any CPU
	EndGlobalSection
	GlobalSection(ProjectConfigurationPlatforms) = postSolution
		{63E30ED8-A737-4205-8B73-A2CE3B9310DA}.Debug|Any CPU.ActiveCfg = Debug|Any CPU
		{63E30ED8-A737-4205-8B73-A2CE3B9310DA}.Debug|Any CPU.Build.0 = Debug|Any CPU
		{63E30ED8-A737-4205-8B73-A2CE3B9310DA}.Release|Any CPU.ActiveCfg = Release|Any CPU
		{63E30ED8-A737-4205-8B73-A2CE3B9310DA}.Release|Any CPU.Build.0 = Release|Any CPU
	EndGlobalSection
	GlobalSection(SolutionProperties) = preSolution
		HideSolutionNode = FALSE
	EndGlobalSection
	GlobalSection(ExtensibilityGlobals) = postSolution
		SolutionGuid = {EAA510FA-855B-4393-929F-EFDD1BCAB149}
	EndGlobalSection
EndGlobal
